
Microsoft Visual Studio Solution File, Format Version 12.00
# Visual Studio Version 17
VisualStudioVersion = 17.6.33829.357
MinimumVisualStudioVersion = 10.0.40219.1
Project("{FAE04EC0-301F-11D3-BF4B-00C04F79EFBC}") = "Customer - Barric Bom Convertor", "Customer - Barric Bom Convertor.csproj", "{28BF8D8E-1E43-4804-BA71-92C5222865CF}"
EndProject
Global
	GlobalSection(SolutionConfigurationPlatforms) = preSolution
		Debug|Any CPU = Debug|Any CPU
		Release|Any CPU = Release|Any CPU
	EndGlobalSection
	GlobalSection(ProjectConfigurationPlatforms) = postSolution
		{28BF8D8E-1E43-4804-BA71-92C5222865CF}.Debug|Any CPU.ActiveCfg = Debug|Any CPU
		{28BF8D8E-1E43-4804-BA71-92C5222865CF}.Debug|Any CPU.Build.0 = Debug|Any CPU
		{28BF8D8E-1E43-4804-BA71-92C5222865CF}.Release|Any CPU.ActiveCfg = Release|Any CPU
		{28BF8D8E-1E43-4804-BA71-92C5222865CF}.Release|Any CPU.Build.0 = Release|Any CPU
	EndGlobalSection
	GlobalSection(SolutionProperties) = preSolution
		HideSolutionNode = FALSE
	EndGlobalSection
	GlobalSection(ExtensibilityGlobals) = postSolution
		SolutionGuid = {734030AB-654A-4CC2-AFAE-4E41E04FDED3}
	EndGlobalSection
EndGlobal
